
Microsoft Visual Studio Solution File, Format Version 12.00
# Visual Studio Version 17
VisualStudioVersion = 17.0.31903.59
MinimumVisualStudioVersion = 10.0.40219.1
Project("{2150E333-8FDC-42A3-9474-1A3956D46DE8}") = "Lab2", "Lab2", "{456A2305-EB87-4DCB-A9EC-F49F721EDDD3}"
EndProject
Project("{FAE04EC0-301F-11D3-BF4B-00C04F79EFBC}") = "Tests", "Lab2\Tests\Tests.csproj", "{D3872DD8-66DD-44E7-BEB9-9F85BDE085CF}"
EndProject
Project("{FAE04EC0-301F-11D3-BF4B-00C04F79EFBC}") = "App", "Lab2\App\App.csproj", "{32EE2D61-FE4D-4E30-A1BC-75D90772F5C4}"
EndProject
Project("{2150E333-8FDC-42A3-9474-1A3956D46DE8}") = "Lab1", "Lab1", "{A82BFB75-CE10-49C7-9B8D-51E1BC66B78D}"
EndProject
Project("{FAE04EC0-301F-11D3-BF4B-00C04F79EFBC}") = "Tests", "Lab1\Tests\Tests.csproj", "{F86825B3-8000-45EF-BFAF-5AEE77D5D12C}"
EndProject
Project("{FAE04EC0-301F-11D3-BF4B-00C04F79EFBC}") = "App", "Lab1\App\App.csproj", "{17FDBF58-3461-47CC-A716-9F3588D3A013}"
EndProject
Project("{2150E333-8FDC-42A3-9474-1A3956D46DE8}") = "Lab3", "Lab3", "{167BC087-5A8F-4CC7-8DE2-5D653D4D445E}"
EndProject
Project("{FAE04EC0-301F-11D3-BF4B-00C04F79EFBC}") = "App", "Lab3\App\App.csproj", "{8CFC2B3C-6F95-4BD8-98D5-D301A7267F1D}"
EndProject
Project("{FAE04EC0-301F-11D3-BF4B-00C04F79EFBC}") = "Tests", "Lab3\Tests\Tests.csproj", "{BA840713-A867-45B7-A8C4-CB4F57E70C34}"
EndProject
Project("{2150E333-8FDC-42A3-9474-1A3956D46DE8}") = "Lab5", "Lab5", "{5B9552F2-92F3-4D92-8E1D-928058471550}"
EndProject
Project("{FAE04EC0-301F-11D3-BF4B-00C04F79EFBC}") = "ClassLib", "Lab5\ClassLib\ClassLib.csproj", "{18F49DD7-1E6F-4D6B-AE05-E4C7B4A48261}"
EndProject
Project("{FAE04EC0-301F-11D3-BF4B-00C04F79EFBC}") = "App", "Lab5\App\App.csproj", "{CAD4BB1C-AC5E-4281-BD4D-14D2E24FD291}"
EndProject
Project("{2150E333-8FDC-42A3-9474-1A3956D46DE8}") = "Lab4", "Lab4", "{DC9D7BF6-022D-4861-91BC-088DF3DA0172}"
EndProject
Project("{FAE04EC0-301F-11D3-BF4B-00C04F79EFBC}") = "ClassLib", "Lab4\ClassLib\ClassLib.csproj", "{878C0582-B8A7-4AA0-AF89-6EA51802CEA6}"
EndProject
Project("{FAE04EC0-301F-11D3-BF4B-00C04F79EFBC}") = "App", "Lab4\App\App.csproj", "{79778CF2-1CBB-4E37-ADBB-B73D334870F8}"
EndProject
Project("{2150E333-8FDC-42A3-9474-1A3956D46DE8}") = "Lab6", "Lab6", "{6E4109A8-4797-4468-9A71-CBFA00E964D3}"
EndProject
Project("{FAE04EC0-301F-11D3-BF4B-00C04F79EFBC}") = "App", "Lab6\App\App.csproj", "{428F65AF-326F-49DA-BCAA-B84C25EB0C55}"
EndProject
Project("{FAE04EC0-301F-11D3-BF4B-00C04F79EFBC}") = "App.Sqlite", "Lab6\App.Sqlite\App.Sqlite.csproj", "{236E41DA-45F3-4551-A6F2-6C55F12AA442}"
EndProject
Project("{FAE04EC0-301F-11D3-BF4B-00C04F79EFBC}") = "App.SqlServer", "Lab6\App.SqlServer\App.SqlServer.csproj", "{0C186F51-78E2-4E02-9E9F-CD207472FFC8}"
EndProject
Project("{FAE04EC0-301F-11D3-BF4B-00C04F79EFBC}") = "App.Postgres", "Lab6\App.Postgres\App.Postgres.csproj", "{B4E68DCF-B991-44B1-8774-53F9FEEC9841}"
EndProject
Project("{FAE04EC0-301F-11D3-BF4B-00C04F79EFBC}") = "App.Models", "Lab6\App.Models\App.Models.csproj", "{7B18773A-1A9E-446D-B148-20C4EFD7A0B3}"
EndProject
Global
	GlobalSection(SolutionConfigurationPlatforms) = preSolution
		Debug|Any CPU = Debug|Any CPU
		Release|Any CPU = Release|Any CPU
	EndGlobalSection
	GlobalSection(SolutionProperties) = preSolution
		HideSolutionNode = FALSE
	EndGlobalSection
	GlobalSection(ProjectConfigurationPlatforms) = postSolution
		{D3872DD8-66DD-44E7-BEB9-9F85BDE085CF}.Debug|Any CPU.ActiveCfg = Debug|Any CPU
		{D3872DD8-66DD-44E7-BEB9-9F85BDE085CF}.Debug|Any CPU.Build.0 = Debug|Any CPU
		{D3872DD8-66DD-44E7-BEB9-9F85BDE085CF}.Release|Any CPU.ActiveCfg = Release|Any CPU
		{D3872DD8-66DD-44E7-BEB9-9F85BDE085CF}.Release|Any CPU.Build.0 = Release|Any CPU
		{32EE2D61-FE4D-4E30-A1BC-75D90772F5C4}.Debug|Any CPU.ActiveCfg = Debug|Any CPU
		{32EE2D61-FE4D-4E30-A1BC-75D90772F5C4}.Debug|Any CPU.Build.0 = Debug|Any CPU
		{32EE2D61-FE4D-4E30-A1BC-75D90772F5C4}.Release|Any CPU.ActiveCfg = Release|Any CPU
		{32EE2D61-FE4D-4E30-A1BC-75D90772F5C4}.Release|Any CPU.Build.0 = Release|Any CPU
		{F86825B3-8000-45EF-BFAF-5AEE77D5D12C}.Debug|Any CPU.ActiveCfg = Debug|Any CPU
		{F86825B3-8000-45EF-BFAF-5AEE77D5D12C}.Debug|Any CPU.Build.0 = Debug|Any CPU
		{F86825B3-8000-45EF-BFAF-5AEE77D5D12C}.Release|Any CPU.ActiveCfg = Release|Any CPU
		{F86825B3-8000-45EF-BFAF-5AEE77D5D12C}.Release|Any CPU.Build.0 = Release|Any CPU
		{17FDBF58-3461-47CC-A716-9F3588D3A013}.Debug|Any CPU.ActiveCfg = Debug|Any CPU
		{17FDBF58-3461-47CC-A716-9F3588D3A013}.Debug|Any CPU.Build.0 = Debug|Any CPU
		{17FDBF58-3461-47CC-A716-9F3588D3A013}.Release|Any CPU.ActiveCfg = Release|Any CPU
		{17FDBF58-3461-47CC-A716-9F3588D3A013}.Release|Any CPU.Build.0 = Release|Any CPU
		{8CFC2B3C-6F95-4BD8-98D5-D301A7267F1D}.Debug|Any CPU.ActiveCfg = Debug|Any CPU
		{8CFC2B3C-6F95-4BD8-98D5-D301A7267F1D}.Debug|Any CPU.Build.0 = Debug|Any CPU
		{8CFC2B3C-6F95-4BD8-98D5-D301A7267F1D}.Release|Any CPU.ActiveCfg = Release|Any CPU
		{8CFC2B3C-6F95-4BD8-98D5-D301A7267F1D}.Release|Any CPU.Build.0 = Release|Any CPU
		{BA840713-A867-45B7-A8C4-CB4F57E70C34}.Debug|Any CPU.ActiveCfg = Debug|Any CPU
		{BA840713-A867-45B7-A8C4-CB4F57E70C34}.Debug|Any CPU.Build.0 = Debug|Any CPU
		{BA840713-A867-45B7-A8C4-CB4F57E70C34}.Release|Any CPU.ActiveCfg = Release|Any CPU
		{BA840713-A867-45B7-A8C4-CB4F57E70C34}.Release|Any CPU.Build.0 = Release|Any CPU
		{18F49DD7-1E6F-4D6B-AE05-E4C7B4A48261}.Debug|Any CPU.ActiveCfg = Debug|Any CPU
		{18F49DD7-1E6F-4D6B-AE05-E4C7B4A48261}.Debug|Any CPU.Build.0 = Debug|Any CPU
		{18F49DD7-1E6F-4D6B-AE05-E4C7B4A48261}.Release|Any CPU.ActiveCfg = Release|Any CPU
		{18F49DD7-1E6F-4D6B-AE05-E4C7B4A48261}.Release|Any CPU.Build.0 = Release|Any CPU
		{CAD4BB1C-AC5E-4281-BD4D-14D2E24FD291}.Debug|Any CPU.ActiveCfg = Debug|Any CPU
		{CAD4BB1C-AC5E-4281-BD4D-14D2E24FD291}.Debug|Any CPU.Build.0 = Debug|Any CPU
		{CAD4BB1C-AC5E-4281-BD4D-14D2E24FD291}.Release|Any CPU.ActiveCfg = Release|Any CPU
		{CAD4BB1C-AC5E-4281-BD4D-14D2E24FD291}.Release|Any CPU.Build.0 = Release|Any CPU
		{878C0582-B8A7-4AA0-AF89-6EA51802CEA6}.Debug|Any CPU.ActiveCfg = Debug|Any CPU
		{878C0582-B8A7-4AA0-AF89-6EA51802CEA6}.Debug|Any CPU.Build.0 = Debug|Any CPU
		{878C0582-B8A7-4AA0-AF89-6EA51802CEA6}.Release|Any CPU.ActiveCfg = Release|Any CPU
		{878C0582-B8A7-4AA0-AF89-6EA51802CEA6}.Release|Any CPU.Build.0 = Release|Any CPU
		{79778CF2-1CBB-4E37-ADBB-B73D334870F8}.Debug|Any CPU.ActiveCfg = Debug|Any CPU
		{79778CF2-1CBB-4E37-ADBB-B73D334870F8}.Debug|Any CPU.Build.0 = Debug|Any CPU
		{79778CF2-1CBB-4E37-ADBB-B73D334870F8}.Release|Any CPU.ActiveCfg = Release|Any CPU
		{79778CF2-1CBB-4E37-ADBB-B73D334870F8}.Release|Any CPU.Build.0 = Release|Any CPU
		{428F65AF-326F-49DA-BCAA-B84C25EB0C55}.Debug|Any CPU.ActiveCfg = Debug|Any CPU
		{428F65AF-326F-49DA-BCAA-B84C25EB0C55}.Debug|Any CPU.Build.0 = Debug|Any CPU
		{428F65AF-326F-49DA-BCAA-B84C25EB0C55}.Release|Any CPU.ActiveCfg = Release|Any CPU
		{428F65AF-326F-49DA-BCAA-B84C25EB0C55}.Release|Any CPU.Build.0 = Release|Any CPU
		{236E41DA-45F3-4551-A6F2-6C55F12AA442}.Debug|Any CPU.ActiveCfg = Debug|Any CPU
		{236E41DA-45F3-4551-A6F2-6C55F12AA442}.Debug|Any CPU.Build.0 = Debug|Any CPU
		{236E41DA-45F3-4551-A6F2-6C55F12AA442}.Release|Any CPU.ActiveCfg = Release|Any CPU
		{236E41DA-45F3-4551-A6F2-6C55F12AA442}.Release|Any CPU.Build.0 = Release|Any CPU
		{0C186F51-78E2-4E02-9E9F-CD207472FFC8}.Debug|Any CPU.ActiveCfg = Debug|Any CPU
		{0C186F51-78E2-4E02-9E9F-CD207472FFC8}.Debug|Any CPU.Build.0 = Debug|Any CPU
		{0C186F51-78E2-4E02-9E9F-CD207472FFC8}.Release|Any CPU.ActiveCfg = Release|Any CPU
		{0C186F51-78E2-4E02-9E9F-CD207472FFC8}.Release|Any CPU.Build.0 = Release|Any CPU
		{B4E68DCF-B991-44B1-8774-53F9FEEC9841}.Debug|Any CPU.ActiveCfg = Debug|Any CPU
		{B4E68DCF-B991-44B1-8774-53F9FEEC9841}.Debug|Any CPU.Build.0 = Debug|Any CPU
		{B4E68DCF-B991-44B1-8774-53F9FEEC9841}.Release|Any CPU.ActiveCfg = Release|Any CPU
		{B4E68DCF-B991-44B1-8774-53F9FEEC9841}.Release|Any CPU.Build.0 = Release|Any CPU
		{7B18773A-1A9E-446D-B148-20C4EFD7A0B3}.Debug|Any CPU.ActiveCfg = Debug|Any CPU
		{7B18773A-1A9E-446D-B148-20C4EFD7A0B3}.Debug|Any CPU.Build.0 = Debug|Any CPU
		{7B18773A-1A9E-446D-B148-20C4EFD7A0B3}.Release|Any CPU.ActiveCfg = Release|Any CPU
		{7B18773A-1A9E-446D-B148-20C4EFD7A0B3}.Release|Any CPU.Build.0 = Release|Any CPU
	EndGlobalSection
	GlobalSection(NestedProjects) = preSolution
		{D3872DD8-66DD-44E7-BEB9-9F85BDE085CF} = {456A2305-EB87-4DCB-A9EC-F49F721EDDD3}
		{32EE2D61-FE4D-4E30-A1BC-75D90772F5C4} = {456A2305-EB87-4DCB-A9EC-F49F721EDDD3}
		{F86825B3-8000-45EF-BFAF-5AEE77D5D12C} = {A82BFB75-CE10-49C7-9B8D-51E1BC66B78D}
		{17FDBF58-3461-47CC-A716-9F3588D3A013} = {A82BFB75-CE10-49C7-9B8D-51E1BC66B78D}
		{8CFC2B3C-6F95-4BD8-98D5-D301A7267F1D} = {167BC087-5A8F-4CC7-8DE2-5D653D4D445E}
		{BA840713-A867-45B7-A8C4-CB4F57E70C34} = {167BC087-5A8F-4CC7-8DE2-5D653D4D445E}
		{18F49DD7-1E6F-4D6B-AE05-E4C7B4A48261} = {5B9552F2-92F3-4D92-8E1D-928058471550}
		{CAD4BB1C-AC5E-4281-BD4D-14D2E24FD291} = {5B9552F2-92F3-4D92-8E1D-928058471550}
		{878C0582-B8A7-4AA0-AF89-6EA51802CEA6} = {DC9D7BF6-022D-4861-91BC-088DF3DA0172}
		{79778CF2-1CBB-4E37-ADBB-B73D334870F8} = {DC9D7BF6-022D-4861-91BC-088DF3DA0172}
		{428F65AF-326F-49DA-BCAA-B84C25EB0C55} = {6E4109A8-4797-4468-9A71-CBFA00E964D3}
		{236E41DA-45F3-4551-A6F2-6C55F12AA442} = {6E4109A8-4797-4468-9A71-CBFA00E964D3}
		{0C186F51-78E2-4E02-9E9F-CD207472FFC8} = {6E4109A8-4797-4468-9A71-CBFA00E964D3}
		{B4E68DCF-B991-44B1-8774-53F9FEEC9841} = {6E4109A8-4797-4468-9A71-CBFA00E964D3}
		{7B18773A-1A9E-446D-B148-20C4EFD7A0B3} = {6E4109A8-4797-4468-9A71-CBFA00E964D3}
	EndGlobalSection
EndGlobal
