
Microsoft Visual Studio Solution File, Format Version 12.00
# Visual Studio Version 17
VisualStudioVersion = 17.0.31903.59
MinimumVisualStudioVersion = 10.0.40219.1
Project("{FAE04EC0-301F-11D3-BF4B-00C04F79EFBC}") = "App", "App\App.csproj", "{0478AB2F-BAFA-4E39-94A4-6C56BE5CCB8E}"
EndProject
Project("{FAE04EC0-301F-11D3-BF4B-00C04F79EFBC}") = "Tests", "Tests\Tests.csproj", "{1E0D100B-5367-44ED-A717-4FD806BF2BCB}"
EndProject
Global
	GlobalSection(SolutionConfigurationPlatforms) = preSolution
		Debug|Any CPU = Debug|Any CPU
		Release|Any CPU = Release|Any CPU
	EndGlobalSection
	GlobalSection(SolutionProperties) = preSolution
		HideSolutionNode = FALSE
	EndGlobalSection
	GlobalSection(ProjectConfigurationPlatforms) = postSolution
		{0478AB2F-BAFA-4E39-94A4-6C56BE5CCB8E}.Debug|Any CPU.ActiveCfg = Debug|Any CPU
		{0478AB2F-BAFA-4E39-94A4-6C56BE5CCB8E}.Debug|Any CPU.Build.0 = Debug|Any CPU
		{0478AB2F-BAFA-4E39-94A4-6C56BE5CCB8E}.Release|Any CPU.ActiveCfg = Release|Any CPU
		{0478AB2F-BAFA-4E39-94A4-6C56BE5CCB8E}.Release|Any CPU.Build.0 = Release|Any CPU
		{1E0D100B-5367-44ED-A717-4FD806BF2BCB}.Debug|Any CPU.ActiveCfg = Debug|Any CPU
		{1E0D100B-5367-44ED-A717-4FD806BF2BCB}.Debug|Any CPU.Build.0 = Debug|Any CPU
		{1E0D100B-5367-44ED-A717-4FD806BF2BCB}.Release|Any CPU.ActiveCfg = Release|Any CPU
		{1E0D100B-5367-44ED-A717-4FD806BF2BCB}.Release|Any CPU.Build.0 = Release|Any CPU
	EndGlobalSection
EndGlobal
